
Microsoft Visual Studio Solution File, Format Version 12.00
# Visual Studio Version 16
VisualStudioVersion = 16.0.33927.289
MinimumVisualStudioVersion = 10.0.40219.1
Project("{2150E333-8FDC-42A3-9474-1A3956D46DE8}") = "Task0", "Task0", "{74D7D541-4AD0-404E-A71F-E0D1F70411A5}"
EndProject
Project("{FAE04EC0-301F-11D3-BF4B-00C04F79EFBC}") = "Tyuiu.MotorovaDD.Sprint5.Task0.V14", "Tyuiu.MotorovaDD.Sprint5.Task0.V14\Tyuiu.MotorovaDD.Sprint5.Task0.V14.csproj", "{EECB90B3-36F5-4E51-9425-DFCF8FF5DD05}"
EndProject
Project("{FAE04EC0-301F-11D3-BF4B-00C04F79EFBC}") = "Tyuiu.MotorovaDD.Sprint5.Task0.V14.Lib", "Tyuiu.MotorovaDD.Sprint5.Task0.V14.Lib\Tyuiu.MotorovaDD.Sprint5.Task0.V14.Lib.csproj", "{F9943775-4AC4-4219-9BC1-302ED679CCD0}"
EndProject
Project("{FAE04EC0-301F-11D3-BF4B-00C04F79EFBC}") = "Tyuiu.MotorovaDD.Sprint5.Task0.V14.Test", "Tyuiu.MotorovaDD.Sprint5.Task0.V14.Test\Tyuiu.MotorovaDD.Sprint5.Task0.V14.Test.csproj", "{91BEAC7B-1240-45CA-A532-5EB824F52C4A}"
EndProject
Project("{2150E333-8FDC-42A3-9474-1A3956D46DE8}") = "Task1", "Task1", "{ECD6E231-E8B8-4315-A8D6-797545E7B399}"
EndProject
Project("{FAE04EC0-301F-11D3-BF4B-00C04F79EFBC}") = "Tyuiu.MotorovaDD.Sprint5.Task1.V8", "Tyuiu.MotorovaDD.Sprint5.Task1.V8\Tyuiu.MotorovaDD.Sprint5.Task1.V8.csproj", "{D9299E0B-A66A-44C9-B1CF-2D6B1C56B9D2}"
EndProject
Project("{FAE04EC0-301F-11D3-BF4B-00C04F79EFBC}") = "Tyuiu.MotorovaDD.Sprint5.Task1.V8.Lib", "Tyuiu.MotorovaDD.Sprint5.Task1.V8.Lib\Tyuiu.MotorovaDD.Sprint5.Task1.V8.Lib.csproj", "{762E3939-336C-4557-A8CA-EF5F1F5046FB}"
EndProject
Project("{FAE04EC0-301F-11D3-BF4B-00C04F79EFBC}") = "Tyuiu.MotorovaDD.Sprint5.Task1.V8.Test", "Tyuiu.MotorovaDD.Sprint5.Task1.V8.Test\Tyuiu.MotorovaDD.Sprint5.Task1.V8.Test.csproj", "{E713D699-7D93-42AD-B807-83E08EEE4C15}"
EndProject
Project("{2150E333-8FDC-42A3-9474-1A3956D46DE8}") = "Task2", "Task2", "{62F6D6E5-DEF9-4E67-991D-1C2102AE9864}"
EndProject
Project("{FAE04EC0-301F-11D3-BF4B-00C04F79EFBC}") = "Tyuiu.MotorovaDD.Sprint5.Task2.V6", "Tyuiu.MotorovaDD.Sprint5.Task2.V6\Tyuiu.MotorovaDD.Sprint5.Task2.V6.csproj", "{9077BD1D-13C8-45E4-B2D2-FC55146D6ABA}"
EndProject
Project("{FAE04EC0-301F-11D3-BF4B-00C04F79EFBC}") = "Tyuiu.MotorovaDD.Sprint5.Task2.V6.Lib", "Tyuiu.MotorovaDD.Sprint5.Task2.V6.Lib\Tyuiu.MotorovaDD.Sprint5.Task2.V6.Lib.csproj", "{0D54373B-655F-4ABB-9C7F-AF76CD775CC6}"
EndProject
Project("{FAE04EC0-301F-11D3-BF4B-00C04F79EFBC}") = "Tyuiu.MotorovaDD.Sprint5.Task2.V6.Test", "Tyuiu.MotorovaDD.Sprint5.Task2.V6.Test\Tyuiu.MotorovaDD.Sprint5.Task2.V6.Test.csproj", "{F8C2F76D-3C64-4DE5-A719-6B905736DCBC}"
EndProject
Project("{2150E333-8FDC-42A3-9474-1A3956D46DE8}") = "Task3", "Task3", "{E5E12A3F-26B4-4DF0-B4AF-721F1B7FFD29}"
EndProject
Project("{FAE04EC0-301F-11D3-BF4B-00C04F79EFBC}") = "Tyuiu.MotorovaDD.Sprint5.Task3.V27", "Tyuiu.MotorovaDD.Sprint5.Task3.V27\Tyuiu.MotorovaDD.Sprint5.Task3.V27.csproj", "{C5FE01A9-7DCF-485D-BA24-A02942B4A15F}"
EndProject
Project("{FAE04EC0-301F-11D3-BF4B-00C04F79EFBC}") = "Tyuiu.MotorovaDD.Sprint5.Task3.V27.Test", "Tyuiu.MotorovaDD.Sprint5.Task3.V27.Test\Tyuiu.MotorovaDD.Sprint5.Task3.V27.Test.csproj", "{89237B0D-DB9E-432D-958E-57D46BFB4D42}"
EndProject
Project("{FAE04EC0-301F-11D3-BF4B-00C04F79EFBC}") = "Tyuiu.MotorovaDD.Sprint5.Task3.V27.Lib", "Tyuiu.MotorovaDD.Sprint5.Task3.V27.Lib\Tyuiu.MotorovaDD.Sprint5.Task3.V27.Lib.csproj", "{0DAAEA11-FB32-456C-BA20-AAB505A070FE}"
EndProject
Project("{2150E333-8FDC-42A3-9474-1A3956D46DE8}") = "Task4", "Task4", "{37097FD7-56F6-4D18-8B8D-A40C3CD4E0AD}"
EndProject
Project("{FAE04EC0-301F-11D3-BF4B-00C04F79EFBC}") = "Tyuiu.MotorovaDD.Sprint5.Task4.V17", "Tyuiu.MotorovaDD.Sprint5.Task4.V17\Tyuiu.MotorovaDD.Sprint5.Task4.V17.csproj", "{51CE711F-9E80-4748-A25A-BA73DE46AB41}"
EndProject
Project("{FAE04EC0-301F-11D3-BF4B-00C04F79EFBC}") = "Tyuiu.MotorovaDD.Sprint5.Task4.V17.Lib", "Tyuiu.MotorovaDD.Sprint5.Task4.V17.Lib\Tyuiu.MotorovaDD.Sprint5.Task4.V17.Lib.csproj", "{E7C8961F-E009-4E2B-94A1-AC2ECFE8F754}"
EndProject
Project("{FAE04EC0-301F-11D3-BF4B-00C04F79EFBC}") = "Tyuiu.MotorovaDD.Sprint5.Task4.V17.Test", "Tyuiu.MotorovaDD.Sprint5.Task4.V17.Test\Tyuiu.MotorovaDD.Sprint5.Task4.V17.Test.csproj", "{51757022-3250-4311-BA18-FF9683EEC6AB}"
EndProject
Project("{2150E333-8FDC-42A3-9474-1A3956D46DE8}") = "Task5", "Task5", "{FA2947B5-9AC5-4D2B-9753-D675205DCFB7}"
EndProject
Project("{FAE04EC0-301F-11D3-BF4B-00C04F79EFBC}") = "Tyuiu.MotorovaDD.Sprint5.Task5.V1", "Tyuiu.MotorovaDD.Sprint5.Task5.V1\Tyuiu.MotorovaDD.Sprint5.Task5.V1.csproj", "{C73DF386-0035-4D6E-A71B-2A002EA41AE9}"
EndProject
Project("{FAE04EC0-301F-11D3-BF4B-00C04F79EFBC}") = "Tyuiu.MotorovaDD.Sprint5.Task5.V1.Lib", "Tyuiu.MotorovaDD.Sprint5.Task5.V1.Lib\Tyuiu.MotorovaDD.Sprint5.Task5.V1.Lib.csproj", "{CFDA70BB-577B-449D-ACE3-8C46512B7DDC}"
EndProject
Project("{FAE04EC0-301F-11D3-BF4B-00C04F79EFBC}") = "Tyuiu.MotorovaDD.Sprint5.Task5.V1.Test", "Tyuiu.MotorovaDD.Sprint5.Task5.V1.Test\Tyuiu.MotorovaDD.Sprint5.Task5.V1.Test.csproj", "{C4451C2A-13C9-4F6B-93DE-354BA493D619}"
EndProject
Project("{2150E333-8FDC-42A3-9474-1A3956D46DE8}") = "Task6", "Task6", "{86677D27-86C3-4E80-9D12-6A00E4C4A3F2}"
EndProject
Project("{FAE04EC0-301F-11D3-BF4B-00C04F79EFBC}") = "Tyuiu.MotorovaDD.Sprint5.Task6.V19", "Tyuiu.MotorovaDD.Sprint5.Task6.V19\Tyuiu.MotorovaDD.Sprint5.Task6.V19.csproj", "{399B6C6E-71BC-4966-BA55-F3F2FA695270}"
EndProject
Project("{FAE04EC0-301F-11D3-BF4B-00C04F79EFBC}") = "Tyuiu.MotorovaDD.Sprint5.Task6.V19.Test", "Tyuiu.MotorovaDD.Sprint5.Task6.V19.Test\Tyuiu.MotorovaDD.Sprint5.Task6.V19.Test.csproj", "{69EFC9FA-D8DE-4D85-8208-A33EC7133BA5}"
EndProject
Project("{FAE04EC0-301F-11D3-BF4B-00C04F79EFBC}") = "Tyuiu.MotorovaDD.Sprint5.Task6.V19.Lib", "Tyuiu.MotorovaDD.Sprint5.Task6.V19.Lib\Tyuiu.MotorovaDD.Sprint5.Task6.V19.Lib.csproj", "{BB668FB4-19AF-4E43-BAAB-7A3F95A06D06}"
EndProject
Global
	GlobalSection(SolutionConfigurationPlatforms) = preSolution
		Debug|Any CPU = Debug|Any CPU
		Release|Any CPU = Release|Any CPU
	EndGlobalSection
	GlobalSection(ProjectConfigurationPlatforms) = postSolution
		{EECB90B3-36F5-4E51-9425-DFCF8FF5DD05}.Debug|Any CPU.ActiveCfg = Debug|Any CPU
		{EECB90B3-36F5-4E51-9425-DFCF8FF5DD05}.Debug|Any CPU.Build.0 = Debug|Any CPU
		{EECB90B3-36F5-4E51-9425-DFCF8FF5DD05}.Release|Any CPU.ActiveCfg = Release|Any CPU
		{EECB90B3-36F5-4E51-9425-DFCF8FF5DD05}.Release|Any CPU.Build.0 = Release|Any CPU
		{F9943775-4AC4-4219-9BC1-302ED679CCD0}.Debug|Any CPU.ActiveCfg = Debug|Any CPU
		{F9943775-4AC4-4219-9BC1-302ED679CCD0}.Debug|Any CPU.Build.0 = Debug|Any CPU
		{F9943775-4AC4-4219-9BC1-302ED679CCD0}.Release|Any CPU.ActiveCfg = Release|Any CPU
		{F9943775-4AC4-4219-9BC1-302ED679CCD0}.Release|Any CPU.Build.0 = Release|Any CPU
		{91BEAC7B-1240-45CA-A532-5EB824F52C4A}.Debug|Any CPU.ActiveCfg = Debug|Any CPU
		{91BEAC7B-1240-45CA-A532-5EB824F52C4A}.Debug|Any CPU.Build.0 = Debug|Any CPU
		{91BEAC7B-1240-45CA-A532-5EB824F52C4A}.Release|Any CPU.ActiveCfg = Release|Any CPU
		{91BEAC7B-1240-45CA-A532-5EB824F52C4A}.Release|Any CPU.Build.0 = Release|Any CPU
		{D9299E0B-A66A-44C9-B1CF-2D6B1C56B9D2}.Debug|Any CPU.ActiveCfg = Debug|Any CPU
		{D9299E0B-A66A-44C9-B1CF-2D6B1C56B9D2}.Debug|Any CPU.Build.0 = Debug|Any CPU
		{D9299E0B-A66A-44C9-B1CF-2D6B1C56B9D2}.Release|Any CPU.ActiveCfg = Release|Any CPU
		{D9299E0B-A66A-44C9-B1CF-2D6B1C56B9D2}.Release|Any CPU.Build.0 = Release|Any CPU
		{762E3939-336C-4557-A8CA-EF5F1F5046FB}.Debug|Any CPU.ActiveCfg = Debug|Any CPU
		{762E3939-336C-4557-A8CA-EF5F1F5046FB}.Debug|Any CPU.Build.0 = Debug|Any CPU
		{762E3939-336C-4557-A8CA-EF5F1F5046FB}.Release|Any CPU.ActiveCfg = Release|Any CPU
		{762E3939-336C-4557-A8CA-EF5F1F5046FB}.Release|Any CPU.Build.0 = Release|Any CPU
		{E713D699-7D93-42AD-B807-83E08EEE4C15}.Debug|Any CPU.ActiveCfg = Debug|Any CPU
		{E713D699-7D93-42AD-B807-83E08EEE4C15}.Debug|Any CPU.Build.0 = Debug|Any CPU
		{E713D699-7D93-42AD-B807-83E08EEE4C15}.Release|Any CPU.ActiveCfg = Release|Any CPU
		{E713D699-7D93-42AD-B807-83E08EEE4C15}.Release|Any CPU.Build.0 = Release|Any CPU
		{9077BD1D-13C8-45E4-B2D2-FC55146D6ABA}.Debug|Any CPU.ActiveCfg = Debug|Any CPU
		{9077BD1D-13C8-45E4-B2D2-FC55146D6ABA}.Debug|Any CPU.Build.0 = Debug|Any CPU
		{9077BD1D-13C8-45E4-B2D2-FC55146D6ABA}.Release|Any CPU.ActiveCfg = Release|Any CPU
		{9077BD1D-13C8-45E4-B2D2-FC55146D6ABA}.Release|Any CPU.Build.0 = Release|Any CPU
		{0D54373B-655F-4ABB-9C7F-AF76CD775CC6}.Debug|Any CPU.ActiveCfg = Debug|Any CPU
		{0D54373B-655F-4ABB-9C7F-AF76CD775CC6}.Debug|Any CPU.Build.0 = Debug|Any CPU
		{0D54373B-655F-4ABB-9C7F-AF76CD775CC6}.Release|Any CPU.ActiveCfg = Release|Any CPU
		{0D54373B-655F-4ABB-9C7F-AF76CD775CC6}.Release|Any CPU.Build.0 = Release|Any CPU
		{F8C2F76D-3C64-4DE5-A719-6B905736DCBC}.Debug|Any CPU.ActiveCfg = Debug|Any CPU
		{F8C2F76D-3C64-4DE5-A719-6B905736DCBC}.Debug|Any CPU.Build.0 = Debug|Any CPU
		{F8C2F76D-3C64-4DE5-A719-6B905736DCBC}.Release|Any CPU.ActiveCfg = Release|Any CPU
		{F8C2F76D-3C64-4DE5-A719-6B905736DCBC}.Release|Any CPU.Build.0 = Release|Any CPU
		{C5FE01A9-7DCF-485D-BA24-A02942B4A15F}.Debug|Any CPU.ActiveCfg = Debug|Any CPU
		{C5FE01A9-7DCF-485D-BA24-A02942B4A15F}.Debug|Any CPU.Build.0 = Debug|Any CPU
		{C5FE01A9-7DCF-485D-BA24-A02942B4A15F}.Release|Any CPU.ActiveCfg = Release|Any CPU
		{C5FE01A9-7DCF-485D-BA24-A02942B4A15F}.Release|Any CPU.Build.0 = Release|Any CPU
		{89237B0D-DB9E-432D-958E-57D46BFB4D42}.Debug|Any CPU.ActiveCfg = Debug|Any CPU
		{89237B0D-DB9E-432D-958E-57D46BFB4D42}.Debug|Any CPU.Build.0 = Debug|Any CPU
		{89237B0D-DB9E-432D-958E-57D46BFB4D42}.Release|Any CPU.ActiveCfg = Release|Any CPU
		{89237B0D-DB9E-432D-958E-57D46BFB4D42}.Release|Any CPU.Build.0 = Release|Any CPU
		{0DAAEA11-FB32-456C-BA20-AAB505A070FE}.Debug|Any CPU.ActiveCfg = Debug|Any CPU
		{0DAAEA11-FB32-456C-BA20-AAB505A070FE}.Debug|Any CPU.Build.0 = Debug|Any CPU
		{0DAAEA11-FB32-456C-BA20-AAB505A070FE}.Release|Any CPU.ActiveCfg = Release|Any CPU
		{0DAAEA11-FB32-456C-BA20-AAB505A070FE}.Release|Any CPU.Build.0 = Release|Any CPU
		{51CE711F-9E80-4748-A25A-BA73DE46AB41}.Debug|Any CPU.ActiveCfg = Debug|Any CPU
		{51CE711F-9E80-4748-A25A-BA73DE46AB41}.Debug|Any CPU.Build.0 = Debug|Any CPU
		{51CE711F-9E80-4748-A25A-BA73DE46AB41}.Release|Any CPU.ActiveCfg = Release|Any CPU
		{51CE711F-9E80-4748-A25A-BA73DE46AB41}.Release|Any CPU.Build.0 = Release|Any CPU
		{E7C8961F-E009-4E2B-94A1-AC2ECFE8F754}.Debug|Any CPU.ActiveCfg = Debug|Any CPU
		{E7C8961F-E009-4E2B-94A1-AC2ECFE8F754}.Debug|Any CPU.Build.0 = Debug|Any CPU
		{E7C8961F-E009-4E2B-94A1-AC2ECFE8F754}.Release|Any CPU.ActiveCfg = Release|Any CPU
		{E7C8961F-E009-4E2B-94A1-AC2ECFE8F754}.Release|Any CPU.Build.0 = Release|Any CPU
		{51757022-3250-4311-BA18-FF9683EEC6AB}.Debug|Any CPU.ActiveCfg = Debug|Any CPU
		{51757022-3250-4311-BA18-FF9683EEC6AB}.Debug|Any CPU.Build.0 = Debug|Any CPU
		{51757022-3250-4311-BA18-FF9683EEC6AB}.Release|Any CPU.ActiveCfg = Release|Any CPU
		{51757022-3250-4311-BA18-FF9683EEC6AB}.Release|Any CPU.Build.0 = Release|Any CPU
		{C73DF386-0035-4D6E-A71B-2A002EA41AE9}.Debug|Any CPU.ActiveCfg = Debug|Any CPU
		{C73DF386-0035-4D6E-A71B-2A002EA41AE9}.Debug|Any CPU.Build.0 = Debug|Any CPU
		{C73DF386-0035-4D6E-A71B-2A002EA41AE9}.Release|Any CPU.ActiveCfg = Release|Any CPU
		{C73DF386-0035-4D6E-A71B-2A002EA41AE9}.Release|Any CPU.Build.0 = Release|Any CPU
		{CFDA70BB-577B-449D-ACE3-8C46512B7DDC}.Debug|Any CPU.ActiveCfg = Debug|Any CPU
		{CFDA70BB-577B-449D-ACE3-8C46512B7DDC}.Debug|Any CPU.Build.0 = Debug|Any CPU
		{CFDA70BB-577B-449D-ACE3-8C46512B7DDC}.Release|Any CPU.ActiveCfg = Release|Any CPU
		{CFDA70BB-577B-449D-ACE3-8C46512B7DDC}.Release|Any CPU.Build.0 = Release|Any CPU
		{C4451C2A-13C9-4F6B-93DE-354BA493D619}.Debug|Any CPU.ActiveCfg = Debug|Any CPU
		{C4451C2A-13C9-4F6B-93DE-354BA493D619}.Debug|Any CPU.Build.0 = Debug|Any CPU
		{C4451C2A-13C9-4F6B-93DE-354BA493D619}.Release|Any CPU.ActiveCfg = Release|Any CPU
		{C4451C2A-13C9-4F6B-93DE-354BA493D619}.Release|Any CPU.Build.0 = Release|Any CPU
		{399B6C6E-71BC-4966-BA55-F3F2FA695270}.Debug|Any CPU.ActiveCfg = Debug|Any CPU
		{399B6C6E-71BC-4966-BA55-F3F2FA695270}.Debug|Any CPU.Build.0 = Debug|Any CPU
		{399B6C6E-71BC-4966-BA55-F3F2FA695270}.Release|Any CPU.ActiveCfg = Release|Any CPU
		{399B6C6E-71BC-4966-BA55-F3F2FA695270}.Release|Any CPU.Build.0 = Release|Any CPU
		{69EFC9FA-D8DE-4D85-8208-A33EC7133BA5}.Debug|Any CPU.ActiveCfg = Debug|Any CPU
		{69EFC9FA-D8DE-4D85-8208-A33EC7133BA5}.Debug|Any CPU.Build.0 = Debug|Any CPU
		{69EFC9FA-D8DE-4D85-8208-A33EC7133BA5}.Release|Any CPU.ActiveCfg = Release|Any CPU
		{69EFC9FA-D8DE-4D85-8208-A33EC7133BA5}.Release|Any CPU.Build.0 = Release|Any CPU
		{BB668FB4-19AF-4E43-BAAB-7A3F95A06D06}.Debug|Any CPU.ActiveCfg = Debug|Any CPU
		{BB668FB4-19AF-4E43-BAAB-7A3F95A06D06}.Debug|Any CPU.Build.0 = Debug|Any CPU
		{BB668FB4-19AF-4E43-BAAB-7A3F95A06D06}.Release|Any CPU.ActiveCfg = Release|Any CPU
		{BB668FB4-19AF-4E43-BAAB-7A3F95A06D06}.Release|Any CPU.Build.0 = Release|Any CPU
	EndGlobalSection
	GlobalSection(SolutionProperties) = preSolution
		HideSolutionNode = FALSE
	EndGlobalSection
	GlobalSection(NestedProjects) = preSolution
		{EECB90B3-36F5-4E51-9425-DFCF8FF5DD05} = {74D7D541-4AD0-404E-A71F-E0D1F70411A5}
		{F9943775-4AC4-4219-9BC1-302ED679CCD0} = {74D7D541-4AD0-404E-A71F-E0D1F70411A5}
		{91BEAC7B-1240-45CA-A532-5EB824F52C4A} = {74D7D541-4AD0-404E-A71F-E0D1F70411A5}
		{D9299E0B-A66A-44C9-B1CF-2D6B1C56B9D2} = {ECD6E231-E8B8-4315-A8D6-797545E7B399}
		{762E3939-336C-4557-A8CA-EF5F1F5046FB} = {ECD6E231-E8B8-4315-A8D6-797545E7B399}
		{E713D699-7D93-42AD-B807-83E08EEE4C15} = {ECD6E231-E8B8-4315-A8D6-797545E7B399}
		{9077BD1D-13C8-45E4-B2D2-FC55146D6ABA} = {62F6D6E5-DEF9-4E67-991D-1C2102AE9864}
		{0D54373B-655F-4ABB-9C7F-AF76CD775CC6} = {62F6D6E5-DEF9-4E67-991D-1C2102AE9864}
		{F8C2F76D-3C64-4DE5-A719-6B905736DCBC} = {62F6D6E5-DEF9-4E67-991D-1C2102AE9864}
		{C5FE01A9-7DCF-485D-BA24-A02942B4A15F} = {E5E12A3F-26B4-4DF0-B4AF-721F1B7FFD29}
		{89237B0D-DB9E-432D-958E-57D46BFB4D42} = {E5E12A3F-26B4-4DF0-B4AF-721F1B7FFD29}
		{0DAAEA11-FB32-456C-BA20-AAB505A070FE} = {E5E12A3F-26B4-4DF0-B4AF-721F1B7FFD29}
		{51CE711F-9E80-4748-A25A-BA73DE46AB41} = {37097FD7-56F6-4D18-8B8D-A40C3CD4E0AD}
		{E7C8961F-E009-4E2B-94A1-AC2ECFE8F754} = {37097FD7-56F6-4D18-8B8D-A40C3CD4E0AD}
		{51757022-3250-4311-BA18-FF9683EEC6AB} = {37097FD7-56F6-4D18-8B8D-A40C3CD4E0AD}
		{C73DF386-0035-4D6E-A71B-2A002EA41AE9} = {FA2947B5-9AC5-4D2B-9753-D675205DCFB7}
		{CFDA70BB-577B-449D-ACE3-8C46512B7DDC} = {FA2947B5-9AC5-4D2B-9753-D675205DCFB7}
		{C4451C2A-13C9-4F6B-93DE-354BA493D619} = {FA2947B5-9AC5-4D2B-9753-D675205DCFB7}
		{399B6C6E-71BC-4966-BA55-F3F2FA695270} = {86677D27-86C3-4E80-9D12-6A00E4C4A3F2}
		{69EFC9FA-D8DE-4D85-8208-A33EC7133BA5} = {86677D27-86C3-4E80-9D12-6A00E4C4A3F2}
		{BB668FB4-19AF-4E43-BAAB-7A3F95A06D06} = {86677D27-86C3-4E80-9D12-6A00E4C4A3F2}
	EndGlobalSection
	GlobalSection(ExtensibilityGlobals) = postSolution
		SolutionGuid = {FB21D83F-2AA7-4C1F-8E89-5D5DF6D829E9}
	EndGlobalSection
EndGlobal
